
Microsoft Visual Studio Solution File, Format Version 12.00
# Visual Studio Version 17
VisualStudioVersion = 17.14.36623.8 d17.14
MinimumVisualStudioVersion = 10.0.40219.1
Project("{FAE04EC0-301F-11D3-BF4B-00C04F79EFBC}") = "TeamTeslaGo", "TeamTeslaGo\TeamTeslaGo.csproj", "{9C2CA74A-16B4-4AEA-B021-69FEA404CB92}"
EndProject
Global
	GlobalSection(SolutionConfigurationPlatforms) = preSolution
		Debug|Any CPU = Debug|Any CPU
		Release|Any CPU = Release|Any CPU
	EndGlobalSection
	GlobalSection(ProjectConfigurationPlatforms) = postSolution
		{9C2CA74A-16B4-4AEA-B021-69FEA404CB92}.Debug|Any CPU.ActiveCfg = Debug|Any CPU
		{9C2CA74A-16B4-4AEA-B021-69FEA404CB92}.Debug|Any CPU.Build.0 = Debug|Any CPU
		{9C2CA74A-16B4-4AEA-B021-69FEA404CB92}.Release|Any CPU.ActiveCfg = Release|Any CPU
		{9C2CA74A-16B4-4AEA-B021-69FEA404CB92}.Release|Any CPU.Build.0 = Release|Any CPU
	EndGlobalSection
	GlobalSection(SolutionProperties) = preSolution
		HideSolutionNode = FALSE
	EndGlobalSection
	GlobalSection(ExtensibilityGlobals) = postSolution
		SolutionGuid = {F4C61CA7-6119-49AE-BE77-8F1717702F50}
	EndGlobalSection
EndGlobal
